
Microsoft Visual Studio Solution File, Format Version 12.00
# Visual Studio Version 17
VisualStudioVersion = 17.8.34330.188
MinimumVisualStudioVersion = 10.0.40219.1
Project("{9A19103F-16F7-4668-BE54-9A1E7A4F7556}") = "Test", "Test\Test.csproj", "{B93A2D46-E961-4372-B49E-A9192658DD07}"
EndProject
Project("{FAE04EC0-301F-11D3-BF4B-00C04F79EFBC}") = "Remote", "Remote\Remote.csproj", "{4BCABCAB-E4D4-4BE4-BF92-86B31C56B570}"
EndProject
Global
	GlobalSection(SolutionConfigurationPlatforms) = preSolution
		Debug|Any CPU = Debug|Any CPU
		Release|Any CPU = Release|Any CPU
	EndGlobalSection
	GlobalSection(ProjectConfigurationPlatforms) = postSolution
		{B93A2D46-E961-4372-B49E-A9192658DD07}.Debug|Any CPU.ActiveCfg = Debug|Any CPU
		{B93A2D46-E961-4372-B49E-A9192658DD07}.Debug|Any CPU.Build.0 = Debug|Any CPU
		{B93A2D46-E961-4372-B49E-A9192658DD07}.Release|Any CPU.ActiveCfg = Release|Any CPU
		{B93A2D46-E961-4372-B49E-A9192658DD07}.Release|Any CPU.Build.0 = Release|Any CPU
		{4BCABCAB-E4D4-4BE4-BF92-86B31C56B570}.Debug|Any CPU.ActiveCfg = Debug|Any CPU
		{4BCABCAB-E4D4-4BE4-BF92-86B31C56B570}.Debug|Any CPU.Build.0 = Debug|Any CPU
		{4BCABCAB-E4D4-4BE4-BF92-86B31C56B570}.Release|Any CPU.ActiveCfg = Release|Any CPU
		{4BCABCAB-E4D4-4BE4-BF92-86B31C56B570}.Release|Any CPU.Build.0 = Release|Any CPU
	EndGlobalSection
	GlobalSection(SolutionProperties) = preSolution
		HideSolutionNode = FALSE
	EndGlobalSection
	GlobalSection(ExtensibilityGlobals) = postSolution
		SolutionGuid = {842A1E2F-1AC8-4C28-848A-C2CEA3DAD816}
	EndGlobalSection
EndGlobal
